
Microsoft Visual Studio Solution File, Format Version 12.00
# Visual Studio 15
VisualStudioVersion = 15.0.27130.2010
MinimumVisualStudioVersion = 10.0.40219.1
Project("{FAE04EC0-301F-11D3-BF4B-00C04F79EFBC}") = "TestingEnum", "TestingEnum\TestingEnum.csproj", "{6B7ED153-5A18-4A2D-B11D-F1B48C6D4720}"
EndProject
Global
	GlobalSection(SolutionConfigurationPlatforms) = preSolution
		Debug|Any CPU = Debug|Any CPU
		Release|Any CPU = Release|Any CPU
	EndGlobalSection
	GlobalSection(ProjectConfigurationPlatforms) = postSolution
		{6B7ED153-5A18-4A2D-B11D-F1B48C6D4720}.Debug|Any CPU.ActiveCfg = Debug|Any CPU
		{6B7ED153-5A18-4A2D-B11D-F1B48C6D4720}.Debug|Any CPU.Build.0 = Debug|Any CPU
		{6B7ED153-5A18-4A2D-B11D-F1B48C6D4720}.Release|Any CPU.ActiveCfg = Release|Any CPU
		{6B7ED153-5A18-4A2D-B11D-F1B48C6D4720}.Release|Any CPU.Build.0 = Release|Any CPU
	EndGlobalSection
	GlobalSection(SolutionProperties) = preSolution
		HideSolutionNode = FALSE
	EndGlobalSection
	GlobalSection(ExtensibilityGlobals) = postSolution
		SolutionGuid = {14986386-D755-4A77-A99A-9C215429C193}
	EndGlobalSection
EndGlobal
