
Microsoft Visual Studio Solution File, Format Version 12.00
# Visual Studio 15
VisualStudioVersion = 15.0.27130.2010
MinimumVisualStudioVersion = 10.0.40219.1
Project("{FAE04EC0-301F-11D3-BF4B-00C04F79EFBC}") = "OhmCalculatorTest", "OhmCalculator\OhmCalculatorTest.csproj", "{AA31E647-CBEE-4C61-9DC8-9058A33670AE}"
EndProject
Project("{FAE04EC0-301F-11D3-BF4B-00C04F79EFBC}") = "OhmCalculatorLib", "OhmCalculatorLib\OhmCalculatorLib.csproj", "{04D84898-C097-491F-9793-1615CAB03003}"
EndProject
Project("{E24C65DC-7377-472B-9ABA-BC803B73C61A}") = "OhmCalculatorSite", "OhmCalculatorSite\", "{2555510A-2AE6-49F1-96AE-8F14D658E505}"
	ProjectSection(WebsiteProperties) = preProject
		TargetFrameworkMoniker = ".NETFramework,Version%3Dv4.6.1"
		ProjectReferences = "{04d84898-c097-491f-9793-1615cab03003}|OhmCalculatorLib.dll;"
		Debug.AspNetCompiler.VirtualPath = "/localhost_56654"
		Debug.AspNetCompiler.PhysicalPath = "OhmCalculatorSite\"
		Debug.AspNetCompiler.TargetPath = "PrecompiledWeb\localhost_56654\"
		Debug.AspNetCompiler.Updateable = "true"
		Debug.AspNetCompiler.ForceOverwrite = "true"
		Debug.AspNetCompiler.FixedNames = "false"
		Debug.AspNetCompiler.Debug = "True"
		Release.AspNetCompiler.VirtualPath = "/localhost_56654"
		Release.AspNetCompiler.PhysicalPath = "OhmCalculatorSite\"
		Release.AspNetCompiler.TargetPath = "PrecompiledWeb\localhost_56654\"
		Release.AspNetCompiler.Updateable = "true"
		Release.AspNetCompiler.ForceOverwrite = "true"
		Release.AspNetCompiler.FixedNames = "false"
		Release.AspNetCompiler.Debug = "False"
		VWDPort = "56654"
		SlnRelativePath = "OhmCalculatorSite\"
		DefaultWebSiteLanguage = "Visual C#"
	EndProjectSection
EndProject
Global
	GlobalSection(SolutionConfigurationPlatforms) = preSolution
		Debug|Any CPU = Debug|Any CPU
		Release|Any CPU = Release|Any CPU
	EndGlobalSection
	GlobalSection(ProjectConfigurationPlatforms) = postSolution
		{AA31E647-CBEE-4C61-9DC8-9058A33670AE}.Debug|Any CPU.ActiveCfg = Debug|Any CPU
		{AA31E647-CBEE-4C61-9DC8-9058A33670AE}.Debug|Any CPU.Build.0 = Debug|Any CPU
		{AA31E647-CBEE-4C61-9DC8-9058A33670AE}.Release|Any CPU.ActiveCfg = Release|Any CPU
		{AA31E647-CBEE-4C61-9DC8-9058A33670AE}.Release|Any CPU.Build.0 = Release|Any CPU
		{04D84898-C097-491F-9793-1615CAB03003}.Debug|Any CPU.ActiveCfg = Debug|Any CPU
		{04D84898-C097-491F-9793-1615CAB03003}.Debug|Any CPU.Build.0 = Debug|Any CPU
		{04D84898-C097-491F-9793-1615CAB03003}.Release|Any CPU.ActiveCfg = Release|Any CPU
		{04D84898-C097-491F-9793-1615CAB03003}.Release|Any CPU.Build.0 = Release|Any CPU
		{2555510A-2AE6-49F1-96AE-8F14D658E505}.Debug|Any CPU.ActiveCfg = Debug|Any CPU
		{2555510A-2AE6-49F1-96AE-8F14D658E505}.Debug|Any CPU.Build.0 = Debug|Any CPU
		{2555510A-2AE6-49F1-96AE-8F14D658E505}.Release|Any CPU.ActiveCfg = Debug|Any CPU
		{2555510A-2AE6-49F1-96AE-8F14D658E505}.Release|Any CPU.Build.0 = Debug|Any CPU
	EndGlobalSection
	GlobalSection(SolutionProperties) = preSolution
		HideSolutionNode = FALSE
	EndGlobalSection
	GlobalSection(ExtensibilityGlobals) = postSolution
		SolutionGuid = {F5495BE3-0927-4321-95C0-26CDDD1992A2}
	EndGlobalSection
EndGlobal
